
Microsoft Visual Studio Solution File, Format Version 12.00
Project("{FAE04EC0-301F-11D3-BF4B-00C04F79EFBC}") = "Nightingale.Core", "src\Nightingale.Core\Nightingale.Core.csproj", "{2FD3A4C5-2569-4DCF-9C05-589FCB8B32C5}"
EndProject
Project("{FAE04EC0-301F-11D3-BF4B-00C04F79EFBC}") = "Nightingale.Infrastructure", "src\Nightingale.Infrastructure\Nightingale.Infrastructure.csproj", "{9810B61D-8B96-480E-91C1-D263C7C53CEF}"
EndProject
Project("{FAE04EC0-301F-11D3-BF4B-00C04F79EFBC}") = "Nightingale.App", "src\Nightingale.App\Nightingale.App.csproj", "{909D5506-D019-404B-85B2-8C5330D45F18}"
EndProject
Project("{FAE04EC0-301F-11D3-BF4B-00C04F79EFBC}") = "Nightingale.API", "src\Nightingale.API\Nightingale.API.csproj", "{3D3AAE3B-BB43-4697-AF09-A8A0F5F7C311}"
EndProject
Global
	GlobalSection(SolutionConfigurationPlatforms) = preSolution
		Debug|Any CPU = Debug|Any CPU
		Release|Any CPU = Release|Any CPU
	EndGlobalSection
	GlobalSection(ProjectConfigurationPlatforms) = postSolution
		{2FD3A4C5-2569-4DCF-9C05-589FCB8B32C5}.Debug|Any CPU.ActiveCfg = Debug|Any CPU
		{2FD3A4C5-2569-4DCF-9C05-589FCB8B32C5}.Debug|Any CPU.Build.0 = Debug|Any CPU
		{2FD3A4C5-2569-4DCF-9C05-589FCB8B32C5}.Release|Any CPU.ActiveCfg = Release|Any CPU
		{2FD3A4C5-2569-4DCF-9C05-589FCB8B32C5}.Release|Any CPU.Build.0 = Release|Any CPU
		{9810B61D-8B96-480E-91C1-D263C7C53CEF}.Debug|Any CPU.ActiveCfg = Debug|Any CPU
		{9810B61D-8B96-480E-91C1-D263C7C53CEF}.Debug|Any CPU.Build.0 = Debug|Any CPU
		{9810B61D-8B96-480E-91C1-D263C7C53CEF}.Release|Any CPU.ActiveCfg = Release|Any CPU
		{9810B61D-8B96-480E-91C1-D263C7C53CEF}.Release|Any CPU.Build.0 = Release|Any CPU
		{909D5506-D019-404B-85B2-8C5330D45F18}.Debug|Any CPU.ActiveCfg = Debug|Any CPU
		{909D5506-D019-404B-85B2-8C5330D45F18}.Debug|Any CPU.Build.0 = Debug|Any CPU
		{909D5506-D019-404B-85B2-8C5330D45F18}.Release|Any CPU.ActiveCfg = Release|Any CPU
		{909D5506-D019-404B-85B2-8C5330D45F18}.Release|Any CPU.Build.0 = Release|Any CPU
		{3D3AAE3B-BB43-4697-AF09-A8A0F5F7C311}.Debug|Any CPU.ActiveCfg = Debug|Any CPU
		{3D3AAE3B-BB43-4697-AF09-A8A0F5F7C311}.Debug|Any CPU.Build.0 = Debug|Any CPU
		{3D3AAE3B-BB43-4697-AF09-A8A0F5F7C311}.Release|Any CPU.ActiveCfg = Release|Any CPU
		{3D3AAE3B-BB43-4697-AF09-A8A0F5F7C311}.Release|Any CPU.Build.0 = Release|Any CPU
	EndGlobalSection
EndGlobal
